
Microsoft Visual Studio Solution File, Format Version 12.00
# Visual Studio Version 16
VisualStudioVersion = 16.0.31911.196
MinimumVisualStudioVersion = 10.0.40219.1
Project("{9A19103F-16F7-4668-BE54-9A1E7A4F7556}") = "WebUI", "WebUI\WebUI.csproj", "{B42617B5-B857-40A2-917E-31F430221E50}"
EndProject
Project("{9A19103F-16F7-4668-BE54-9A1E7A4F7556}") = "WebUI.Test", "WebUI.Test\WebUI.Test.csproj", "{7CE94864-71C8-4426-9E69-FE86E54087EE}"
EndProject
Global
	GlobalSection(SolutionConfigurationPlatforms) = preSolution
		Debug|Any CPU = Debug|Any CPU
		Release|Any CPU = Release|Any CPU
	EndGlobalSection
	GlobalSection(ProjectConfigurationPlatforms) = postSolution
		{B42617B5-B857-40A2-917E-31F430221E50}.Debug|Any CPU.ActiveCfg = Debug|Any CPU
		{B42617B5-B857-40A2-917E-31F430221E50}.Debug|Any CPU.Build.0 = Debug|Any CPU
		{B42617B5-B857-40A2-917E-31F430221E50}.Release|Any CPU.ActiveCfg = Release|Any CPU
		{B42617B5-B857-40A2-917E-31F430221E50}.Release|Any CPU.Build.0 = Release|Any CPU
		{7CE94864-71C8-4426-9E69-FE86E54087EE}.Debug|Any CPU.ActiveCfg = Debug|Any CPU
		{7CE94864-71C8-4426-9E69-FE86E54087EE}.Debug|Any CPU.Build.0 = Debug|Any CPU
		{7CE94864-71C8-4426-9E69-FE86E54087EE}.Release|Any CPU.ActiveCfg = Release|Any CPU
		{7CE94864-71C8-4426-9E69-FE86E54087EE}.Release|Any CPU.Build.0 = Release|Any CPU
	EndGlobalSection
	GlobalSection(SolutionProperties) = preSolution
		HideSolutionNode = FALSE
	EndGlobalSection
	GlobalSection(ExtensibilityGlobals) = postSolution
		SolutionGuid = {29B7A95B-FB25-42AC-BDE2-06CCBE3B0176}
	EndGlobalSection
EndGlobal
